# THIS IS AN AUTOGENERATED FILE. DO NOT EDIT THIS FILE DIRECTLY.
# yarn lockfile v1


cross-spawn@4.0.0:
  version "4.0.0"
  resolved "https://registry.yarnpkg.com/cross-spawn/-/cross-spawn-4.0.0.tgz#8254774ab4786b8c5b3cf4dfba66ce563932c252"
  dependencies:
    lru-cache "^4.0.1"
    which "^1.2.9"

find-elm-dependencies@1.0.1:
  version "1.0.1"
  resolved "https://registry.yarnpkg.com/find-elm-dependencies/-/find-elm-dependencies-1.0.1.tgz#d78c89ff39f23dc64e175871c8e856e635d48860"
  dependencies:
    firstline "1.2.0"
    lodash "4.14.2"

firstline@1.2.0:
  version "1.2.0"
  resolved "https://registry.yarnpkg.com/firstline/-/firstline-1.2.0.tgz#c9f4886e7f7fbf0afc12d71941dce06b192aea05"

isexe@^2.0.0:
  version "2.0.0"
  resolved "https://registry.yarnpkg.com/isexe/-/isexe-2.0.0.tgz#e8fbf374dc556ff8947a10dcb0572d633f2cfa10"

lodash@4.14.2:
  version "4.14.2"
  resolved "https://registry.yarnpkg.com/lodash/-/lodash-4.14.2.tgz#bbccce6373a400fbfd0a8c67ca42f6d1ef416432"

lru-cache@^4.0.1:
  version "4.0.2"
  resolved "https://registry.yarnpkg.com/lru-cache/-/lru-cache-4.0.2.tgz#1d17679c069cda5d040991a09dbc2c0db377e55e"
  dependencies:
    pseudomap "^1.0.1"
    yallist "^2.0.0"

node-elm-compiler@^4.3.0:
  version "4.3.1"
  resolved "https://registry.yarnpkg.com/node-elm-compiler/-/node-elm-compiler-4.3.1.tgz#498ead46587f2f0b9faae6ebd2224f6f2304f9db"
  dependencies:
    cross-spawn "4.0.0"
    find-elm-dependencies "1.0.1"
    lodash "4.14.2"
    temp "^0.8.3"

node-watch@^0.5.2:
  version "0.5.2"
  resolved "https://registry.yarnpkg.com/node-watch/-/node-watch-0.5.2.tgz#948d72ec5fe74b488332cd1087fa180e9c24825b"

os-tmpdir@^1.0.0:
  version "1.0.2"
  resolved "https://registry.yarnpkg.com/os-tmpdir/-/os-tmpdir-1.0.2.tgz#bbe67406c79aa85c5cfec766fe5734555dfa1274"

pseudomap@^1.0.1:
  version "1.0.2"
  resolved "https://registry.yarnpkg.com/pseudomap/-/pseudomap-1.0.2.tgz#f052a28da70e618917ef0a8ac34c1ae5a68286b3"

rimraf@~2.2.6:
  version "2.2.8"
  resolved "https://registry.yarnpkg.com/rimraf/-/rimraf-2.2.8.tgz#e439be2aaee327321952730f99a8929e4fc50582"

temp@^0.8.3:
  version "0.8.3"
  resolved "https://registry.yarnpkg.com/temp/-/temp-0.8.3.tgz#e0c6bc4d26b903124410e4fed81103014dfc1f59"
  dependencies:
    os-tmpdir "^1.0.0"
    rimraf "~2.2.6"

which@^1.2.9:
  version "1.2.14"
  resolved "https://registry.yarnpkg.com/which/-/which-1.2.14.tgz#9a87c4378f03e827cecaf1acdf56c736c01c14e5"
  dependencies:
    isexe "^2.0.0"

yallist@^2.0.0:
  version "2.1.2"
  resolved "https://registry.yarnpkg.com/yallist/-/yallist-2.1.2.tgz#1c11f9218f076089a47dd512f93c6699a6a81d52"
